lockfileVersion: '6.0'

devDependencies:
  '@types/node':
    specifier: 14.14.37
    version: 14.14.37
  typescript:
    specifier: 4.2.4
    version: 4.2.4

packages:

  /@types/node@14.14.37:
    resolution: {integrity: sha512-XYmBiy+ohOR4Lh5jE379fV2IU+6Jn4g5qASinhitfyO71b/sCo6MKsMLF5tc7Zf2CE8hViVQyYSobJNke8OvUw==}
    dev: true

  /typescript@4.2.4:
    resolution: {integrity: sha512-V+evlYHZnQkaz8TRBuxTA92yZBPotr5H+WhQ7bD3hZUndx5tGOa1fuCgeSjxAzM1RiN5IzvadIXTVefuuwZCRg==}
    engines: {node: '>=4.2.0'}
    hasBin: true
    dev: true

time:
  /@types/node@14.14.37: '2021-03-27T00:02:45.827Z'
  /typescript@4.2.4: '2021-04-07T18:53:14.660Z'
